// !$*UTF8*$!
{
	archiveVersion = 1;
	classes = {
	};
	objectVersion = 46;
	objects = {

/* Begin PBXBuildFile section */
		764ECFB61CFBECFE007E8FD8 /* InteractiveStory.swift in Sources */ = {isa = PBXBuildFile; fileRef = 764ECFB51CFBECFE007E8FD8 /* InteractiveStory.swift */; };
		769DF4B11CFB5BDF00266E34 /* AppDelegate.swift in Sources */ = {isa = PBXBuildFile; fileRef = 769DF4B01CFB5BDF00266E34 /* AppDelegate.swift */; };
		769DF4B31CFB5BDF00266E34 /* ViewController.swift in Sources */ = {isa = PBXBuildFile; fileRef = 769DF4B21CFB5BDF00266E34 /* ViewController.swift */; };
		769DF4B61CFB5BDF00266E34 /* Main.storyboard in Resources */ = {isa = PBXBuildFile; fileRef = 769DF4B41CFB5BDF00266E34 /* Main.storyboard */; };
		769DF4B81CFB5BDF00266E34 /* Assets.xcassets in Resources */ = {isa = PBXBuildFile; fileRef = 769DF4B71CFB5BDF00266E34 /* Assets.xcassets */; };
		769DF4BB1CFB5BDF00266E34 /* LaunchScreen.storyboard in Resources */ = {isa = PBXBuildFile; fileRef = 769DF4B91CFB5BDF00266E34 /* LaunchScreen.storyboard */; };
		76A626D61CFC06CF006C2411 /* PageController.swift in Sources */ = {isa = PBXBuildFile; fileRef = 76A626D51CFC06CF006C2411 /* PageController.swift */; };
/* End PBXBuildFile section */

/* Begin PBXFileReference section */
		764ECFB51CFBECFE007E8FD8 /* InteractiveStory.swift */ = {isa = PBXFileReference; fileEncoding = 4; lastKnownFileType = sourcecode.swift; path = InteractiveStory.swift; sourceTree = "<group>"; };
		769DF4AD1CFB5BDF00266E34 /* InteractiveStory.app */ = {isa = PBXFileReference; explicitFileType = wrapper.application; includeInIndex = 0; path = InteractiveStory.app; sourceTree = BUILT_PRODUCTS_DIR; };
		769DF4B01CFB5BDF00266E34 /* AppDelegate.swift */ = {isa = PBXFileReference; lastKnownFileType = sourcecode.swift; path = AppDelegate.swift; sourceTree = "<group>"; };
		769DF4B21CFB5BDF00266E34 /* ViewController.swift */ = {isa = PBXFileReference; lastKnownFileType = sourcecode.swift; path = ViewController.swift; sourceTree = "<group>"; };
		769DF4B51CFB5BDF00266E34 /* Base */ = {isa = PBXFileReference; lastKnownFileType = file.storyboard; name = Base; path = Base.lproj/Main.storyboard; sourceTree = "<group>"; };
		769DF4B71CFB5BDF00266E34 /* Assets.xcassets */ = {isa = PBXFileReference; lastKnownFileType = folder.assetcatalog; path = Assets.xcassets; sourceTree = "<group>"; };
		769DF4BA1CFB5BDF00266E34 /* Base */ = {isa = PBXFileReference; lastKnownFileType = file.storyboard; name = Base; path = Base.lproj/LaunchScreen.storyboard; sourceTree = "<group>"; };
		769DF4BC1CFB5BDF00266E34 /* Info.plist */ = {isa = PBXFileReference; lastKnownFileType = text.plist.xml; path = Info.plist; sourceTree = "<group>"; };
		76A626D51CFC06CF006C2411 /* PageController.swift */ = {isa = PBXFileReference; fileEncoding = 4; lastKnownFileType = sourcecode.swift; path = PageController.swift; sourceTree = "<group>"; };
/* End PBXFileReference section */

/* Begin PBXFrameworksBuildPhase section */
		769DF4AA1CFB5BDF00266E34 /* Frameworks */ = {
			isa = PBXFrameworksBuildPhase;
			buildActionMask = 2147483647;
			files = (
			);
			runOnlyForDeploymentPostprocessing = 0;
		};
/* End PBXFrameworksBuildPhase section */

/* Begin PBXGroup section */
		769DF4A41CFB5BDF00266E34 = {
			isa = PBXGroup;
			children = (
				769DF4AF1CFB5BDF00266E34 /* InteractiveStory */,
				769DF4AE1CFB5BDF00266E34 /* Products */,
			);
			sourceTree = "<group>";
		};
		769DF4AE1CFB5BDF00266E34 /* Products */ = {
			isa = PBXGroup;
			children = (
				769DF4AD1CFB5BDF00266E34 /* InteractiveStory.app */,
			);
			name = Products;
			sourceTree = "<group>";
		};
		769DF4AF1CFB5BDF00266E34 /* InteractiveStory */ = {
			isa = PBXGroup;
			children = (
				769DF4B01CFB5BDF00266E34 /* AppDelegate.swift */,
				769DF4B21CFB5BDF00266E34 /* ViewController.swift */,
				76A626D51CFC06CF006C2411 /* PageController.swift */,
				764ECFB51CFBECFE007E8FD8 /* InteractiveStory.swift */,
				769DF4B41CFB5BDF00266E34 /* Main.storyboard */,
				769DF4B71CFB5BDF00266E34 /* Assets.xcassets */,
				769DF4B91CFB5BDF00266E34 /* LaunchScreen.storyboard */,
				769DF4BC1CFB5BDF00266E34 /* Info.plist */,
			);
			path = InteractiveStory;
			sourceTree = "<group>";
		};
/* End PBXGroup section */

/* Begin PBXNativeTarget section */
		769DF4AC1CFB5BDF00266E34 /* InteractiveStory */ = {
			isa = PBXNativeTarget;
			buildConfigurationList = 769DF4BF1CFB5BDF00266E34 /* Build configuration list for PBXNativeTarget "InteractiveStory" */;
			buildPhases = (
				769DF4A91CFB5BDF00266E34 /* Sources */,
				769DF4AA1CFB5BDF00266E34 /* Frameworks */,
				769DF4AB1CFB5BDF00266E34 /* Resources */,
			);
			buildRules = (
			);
			dependencies = (
			);
			name = InteractiveStory;
			productName = InteractiveStory;
			productReference = 769DF4AD1CFB5BDF00266E34 /* InteractiveStory.app */;
			productType = "com.apple.product-type.application";
		};
/* End PBXNativeTarget section */

/* Begin PBXProject section */
		769DF4A51CFB5BDF00266E34 /* Project object */ = {
			isa = PBXProject;
			attributes = {
				LastSwiftUpdateCheck = 0730;
				LastUpgradeCheck = 0730;
				ORGANIZATIONNAME = "Sahil Gangele";
				TargetAttributes = {
					769DF4AC1CFB5BDF00266E34 = {
						CreatedOnToolsVersion = 7.3;
					};
				};
			};
			buildConfigurationList = 769DF4A81CFB5BDF00266E34 /* Build configuration list for PBXProject "InteractiveStory" */;
			compatibilityVersion = "Xcode 3.2";
			developmentRegion = English;
			hasScannedForEncodings = 0;
			knownRegions = (
				en,
				Base,
			);
			mainGroup = 769DF4A41CFB5BDF00266E34;
			productRefGroup = 769DF4AE1CFB5BDF00266E34 /* Products */;
			projectDirPath = "";
			projectRoot = "";
			targets = (
				769DF4AC1CFB5BDF00266E34 /* InteractiveStory */,
			);
		};
/* End PBXProject section */

/* Begin PBXResourcesBuildPhase section */
		769DF4AB1CFB5BDF00266E34 /* Resources */ = {
			isa = PBXResourcesBuildPhase;
			buildActionMask = 2147483647;
			files = (
				769DF4BB1CFB5BDF00266E34 /* LaunchScreen.storyboard in Resources */,
				769DF4B81CFB5BDF00266E34 /* Assets.xcassets in Resources */,
				769DF4B61CFB5BDF00266E34 /* Main.storyboard in Resources */,
			);
			runOnlyForDeploymentPostprocessing = 0;
		};
/* End PBXResourcesBuildPhase section */

/* Begin PBXSourcesBuildPhase section */
		769DF4A91CFB5BDF00266E34 /* Sources */ = {
			isa = PBXSourcesBuildPhase;
			buildActionMask = 2147483647;
			files = (
				76A626D61CFC06CF006C2411 /* PageController.swift in Sources */,
				769DF4B31CFB5BDF00266E34 /* ViewController.swift in Sources */,
				764ECFB61CFBECFE007E8FD8 /* InteractiveStory.swift in Sources */,
				769DF4B11CFB5BDF00266E34 /* AppDelegate.swift in Sources */,
			);
			runOnlyForDeploymentPostprocessing = 0;
		};
/* End PBXSourcesBuildPhase section */

/* Begin PBXVariantGroup section */
		769DF4B41CFB5BDF00266E34 /* Main.storyboard */ = {
			isa = PBXVariantGroup;
			children = (
				769DF4B51CFB5BDF00266E34 /* Base */,
			);
			name = Main.storyboard;
			sourceTree = "<group>";
		};
		769DF4B91CFB5BDF00266E34 /* LaunchScreen.storyboard */ = {
			isa = PBXVariantGroup;
			children = (
				769DF4BA1CFB5BDF00266E34 /* Base */,
			);
			name = LaunchScreen.storyboard;
			sourceTree = "<group>";
		};
/* End PBXVariantGroup section */

/* Begin XCBuildConfiguration section */
		769DF4BD1CFB5BDF00266E34 /* Debug */ = {
			isa = XCBuildConfiguration;
			buildSettings = {
				ALWAYS_SEARCH_USER_PATHS = NO;
				CLANG_ANALYZER_NONNULL = YES;
				CLANG_CXX_LANGUAGE_STANDARD = "gnu++0x";
				CLANG_CXX_LIBRARY = "libc++";
				CLANG_ENABLE_MODULES = YES;
				CLANG_ENABLE_OBJC_ARC = YES;
				CLANG_WARN_BOOL_CONVERSION = YES;
				CLANG_WARN_CONSTANT_CONVERSION = YES;
				CLANG_WARN_DIRECT_OBJC_ISA_USAGE = YES_ERROR;
				CLANG_WARN_EMPTY_BODY = YES;
				CLANG_WARN_ENUM_CONVERSION = YES;
				CLANG_WARN_INT_CONVERSION = YES;
				CLANG_WARN_OBJC_ROOT_CLASS = YES_ERROR;
				CLANG_WARN_UNREACHABLE_CODE = YES;
				CLANG_WARN__DUPLICATE_METHOD_MATCH = YES;
				"CODE_SIGN_IDENTITY[sdk=iphoneos*]" = "iPhone Developer";
				COPY_PHASE_STRIP = NO;
				DEBUG_INFORMATION_FORMAT = dwarf;
				ENABLE_STRICT_OBJC_MSGSEND = YES;
				ENABLE_TESTABILITY = YES;
				GCC_C_LANGUAGE_STANDARD = gnu99;
				GCC_DYNAMIC_NO_PIC = NO;
				GCC_NO_COMMON_BLOCKS = YES;
				GCC_OPTIMIZATION_LEVEL = 0;
				GCC_PREPROCESSOR_DEFINITIONS = (
					"DEBUG=1",
					"$(inherited)",
				);
				GCC_WARN_64_TO_32_BIT_CONVERSION = YES;
				GCC_WARN_ABOUT_RETURN_TYPE = YES_ERROR;
				GCC_WARN_UNDECLARED_SELECTOR = YES;
				GCC_WARN_UNINITIALIZED_AUTOS = YES_AGGRESSIVE;
				GCC_WARN_UNUSED_FUNCTION = YES;
				GCC_WARN_UNUSED_VARIABLE = YES;
				IPHONEOS_DEPLOYMENT_TARGET = 9.3;
				MTL_ENABLE_DEBUG_INFO = YES;
				ONLY_ACTIVE_ARCH = YES;
				SDKROOT = iphoneos;
				SWIFT_OPTIMIZATION_LEVEL = "-Onone";
			};
			name = Debug;
		};
		769DF4BE1CFB5BDF00266E34 /* Release */ = {
			isa = XCBuildConfiguration;
			buildSettings = {
				ALWAYS_SEARCH_USER_PATHS = NO;
				CLANG_ANALYZER_NONNULL = YES;
				CLANG_CXX_LANGUAGE_STANDARD = "gnu++0x";
				CLANG_CXX_LIBRARY = "libc++";
				CLANG_ENABLE_MODULES = YES;
				CLANG_ENABLE_OBJC_ARC = YES;
				CLANG_WARN_BOOL_CONVERSION = YES;
				CLANG_WARN_CONSTANT_CONVERSION = YES;
				CLANG_WARN_DIRECT_OBJC_ISA_USAGE = YES_ERROR;
				CLANG_WARN_EMPTY_BODY = YES;
				CLANG_WARN_ENUM_CONVERSION = YES;
				CLANG_WARN_INT_CONVERSION = YES;
				CLANG_WARN_OBJC_ROOT_CLASS = YES_ERROR;
				CLANG_WARN_UNREACHABLE_CODE = YES;
				CLANG_WARN__DUPLICATE_METHOD_MATCH = YES;
				"CODE_SIGN_IDENTITY[sdk=iphoneos*]" = "iPhone Developer";
				COPY_PHASE_STRIP = NO;
				DEBUG_INFORMATION_FORMAT = "dwarf-with-dsym";
				ENABLE_NS_ASSERTIONS = NO;
				ENABLE_STRICT_OBJC_MSGSEND = YES;
				GCC_C_LANGUAGE_STANDARD = gnu99;
				GCC_NO_COMMON_BLOCKS = YES;
				GCC_WARN_64_TO_32_BIT_CONVERSION = YES;
				GCC_WARN_ABOUT_RETURN_TYPE = YES_ERROR;
				GCC_WARN_UNDECLARED_SELECTOR = YES;
				GCC_WARN_UNINITIALIZED_AUTOS = YES_AGGRESSIVE;
				GCC_WARN_UNUSED_FUNCTION = YES;
				GCC_WARN_UNUSED_VARIABLE = YES;
				IPHONEOS_DEPLOYMENT_TARGET = 9.3;
				MTL_ENABLE_DEBUG_INFO = NO;
				SDKROOT = iphoneos;
				VALIDATE_PRODUCT = YES;
			};
			name = Release;
		};
		769DF4C01CFB5BDF00266E34 /* Debug */ = {
			isa = XCBuildConfiguration;
			buildSettings = {
				ASSETCATALOG_COMPILER_APPICON_NAME = AppIcon;
				INFOPLIST_FILE = InteractiveStory/Info.plist;
				LD_RUNPATH_SEARCH_PATHS = "$(inherited) @executable_path/Frameworks";
				PRODUCT_BUNDLE_IDENTIFIER = com.example.InteractiveStory;
				PRODUCT_NAME = "$(TARGET_NAME)";
			};
			name = Debug;
		};
		769DF4C11CFB5BDF00266E34 /* Release */ = {
			isa = XCBuildConfiguration;
			buildSettings = {
				ASSETCATALOG_COMPILER_APPICON_NAME = AppIcon;
				INFOPLIST_FILE = InteractiveStory/Info.plist;
				LD_RUNPATH_SEARCH_PATHS = "$(inherited) @executable_path/Frameworks";
				PRODUCT_BUNDLE_IDENTIFIER = com.example.InteractiveStory;
				PRODUCT_NAME = "$(TARGET_NAME)";
			};
			name = Release;
		};
/* End XCBuildConfiguration section */

/* Begin XCConfigurationList section */
		769DF4A81CFB5BDF00266E34 /* Build configuration list for PBXProject "InteractiveStory" */ = {
			isa = XCConfigurationList;
			buildConfigurations = (
				769DF4BD1CFB5BDF00266E34 /* Debug */,
				769DF4BE1CFB5BDF00266E34 /* Release */,
			);
			defaultConfigurationIsVisible = 0;
			defaultConfigurationName = Release;
		};
		769DF4BF1CFB5BDF00266E34 /* Build configuration list for PBXNativeTarget "InteractiveStory" */ = {
			isa = XCConfigurationList;
			buildConfigurations = (
				769DF4C01CFB5BDF00266E34 /* Debug */,
				769DF4C11CFB5BDF00266E34 /* Release */,
			);
			defaultConfigurationIsVisible = 0;
			defaultConfigurationName = Release;
		};
/* End XCConfigurationList section */
	};
	rootObject = 769DF4A51CFB5BDF00266E34 /* Project object */;
}
